
Microsoft Visual Studio Solution File, Format Version 12.00
# Visual Studio Version 16
VisualStudioVersion = 16.0.30804.86
MinimumVisualStudioVersion = 10.0.40219.1
Project("{9A19103F-16F7-4668-BE54-9A1E7A4F7556}") = "CodeChallenge", "CodeChallenge\CodeChallenge.csproj", "{E6B4FD5A-CB53-4CCF-8E39-24617B7EEB0B}"
EndProject
Project("{FAE04EC0-301F-11D3-BF4B-00C04F79EFBC}") = "CodeChallenge.Tests", "CodeChallenge.Tests\CodeChallenge.Tests.csproj", "{98AF1A29-563D-4C0D-9DC7-41211A1FD7D0}"
EndProject
Global
	GlobalSection(SolutionConfigurationPlatforms) = preSolution
		Debug|Any CPU = Debug|Any CPU
		Release|Any CPU = Release|Any CPU
	EndGlobalSection
	GlobalSection(ProjectConfigurationPlatforms) = postSolution
		{E6B4FD5A-CB53-4CCF-8E39-24617B7EEB0B}.Debug|Any CPU.ActiveCfg = Debug|Any CPU
		{E6B4FD5A-CB53-4CCF-8E39-24617B7EEB0B}.Debug|Any CPU.Build.0 = Debug|Any CPU
		{E6B4FD5A-CB53-4CCF-8E39-24617B7EEB0B}.Release|Any CPU.ActiveCfg = Release|Any CPU
		{E6B4FD5A-CB53-4CCF-8E39-24617B7EEB0B}.Release|Any CPU.Build.0 = Release|Any CPU
		{98AF1A29-563D-4C0D-9DC7-41211A1FD7D0}.Debug|Any CPU.ActiveCfg = Debug|Any CPU
		{98AF1A29-563D-4C0D-9DC7-41211A1FD7D0}.Debug|Any CPU.Build.0 = Debug|Any CPU
		{98AF1A29-563D-4C0D-9DC7-41211A1FD7D0}.Release|Any CPU.ActiveCfg = Release|Any CPU
		{98AF1A29-563D-4C0D-9DC7-41211A1FD7D0}.Release|Any CPU.Build.0 = Release|Any CPU
	EndGlobalSection
	GlobalSection(SolutionProperties) = preSolution
		HideSolutionNode = FALSE
	EndGlobalSection
	GlobalSection(ExtensibilityGlobals) = postSolution
		SolutionGuid = {DB4E3E6A-9198-41F9-91B5-22C9B731041A}
	EndGlobalSection
EndGlobal
